// !$*UTF8*$!
{
	archiveVersion = 1;
	classes = {
	};
	objectVersion = 52;
	objects = {

/* Begin PBXBuildFile section */
		6C64F7B125C146660008B361 /* LifX_SwitchApp.swift in Sources */ = {isa = PBXBuildFile; fileRef = 6C64F7B025C146660008B361 /* LifX_SwitchApp.swift */; };
		6C64F7B325C146660008B361 /* ContentView.swift in Sources */ = {isa = PBXBuildFile; fileRef = 6C64F7B225C146660008B361 /* ContentView.swift */; };
		6C64F7B525C146680008B361 /* Assets.xcassets in Resources */ = {isa = PBXBuildFile; fileRef = 6C64F7B425C146680008B361 /* Assets.xcassets */; };
		6C64F7B825C146680008B361 /* Preview Assets.xcassets in Resources */ = {isa = PBXBuildFile; fileRef = 6C64F7B725C146680008B361 /* Preview Assets.xcassets */; };
		6C64F7E125C14BB60008B361 /* Lifx in Frameworks */ = {isa = PBXBuildFile; productRef = 6C64F7E025C14BB60008B361 /* Lifx */; };
		6C708F3525C3F13500BFC237 /* EmptyView.swift in Sources */ = {isa = PBXBuildFile; fileRef = 6C708F3425C3F13500BFC237 /* EmptyView.swift */; };
		6CAF088325D1165D003345BE /* README.md in Resources */ = {isa = PBXBuildFile; fileRef = 6CAF088225D1165D003345BE /* README.md */; };
/* End PBXBuildFile section */

/* Begin PBXFileReference section */
		6C64F7AD25C146660008B361 /* LifX Switch.app */ = {isa = PBXFileReference; explicitFileType = wrapper.application; includeInIndex = 0; path = "LifX Switch.app"; sourceTree = BUILT_PRODUCTS_DIR; };
		6C64F7B025C146660008B361 /* LifX_SwitchApp.swift */ = {isa = PBXFileReference; lastKnownFileType = sourcecode.swift; path = LifX_SwitchApp.swift; sourceTree = "<group>"; };
		6C64F7B225C146660008B361 /* ContentView.swift */ = {isa = PBXFileReference; lastKnownFileType = sourcecode.swift; path = ContentView.swift; sourceTree = "<group>"; };
		6C64F7B425C146680008B361 /* Assets.xcassets */ = {isa = PBXFileReference; lastKnownFileType = folder.assetcatalog; path = Assets.xcassets; sourceTree = "<group>"; };
		6C64F7B725C146680008B361 /* Preview Assets.xcassets */ = {isa = PBXFileReference; lastKnownFileType = folder.assetcatalog; path = "Preview Assets.xcassets"; sourceTree = "<group>"; };
		6C64F7B925C146680008B361 /* Info.plist */ = {isa = PBXFileReference; lastKnownFileType = text.plist.xml; path = Info.plist; sourceTree = "<group>"; };
		6C64F7BA25C146680008B361 /* LifX_Switch.entitlements */ = {isa = PBXFileReference; lastKnownFileType = text.plist.entitlements; path = LifX_Switch.entitlements; sourceTree = "<group>"; };
		6C708F3425C3F13500BFC237 /* EmptyView.swift */ = {isa = PBXFileReference; lastKnownFileType = sourcecode.swift; path = EmptyView.swift; sourceTree = "<group>"; };
		6CAF088225D1165D003345BE /* README.md */ = {isa = PBXFileReference; lastKnownFileType = net.daringfireball.markdown; path = README.md; sourceTree = "<group>"; };
/* End PBXFileReference section */

/* Begin PBXFrameworksBuildPhase section */
		6C64F7AA25C146660008B361 /* Frameworks */ = {
			isa = PBXFrameworksBuildPhase;
			buildActionMask = 2147483647;
			files = (
				6C64F7E125C14BB60008B361 /* Lifx in Frameworks */,
			);
			runOnlyForDeploymentPostprocessing = 0;
		};
/* End PBXFrameworksBuildPhase section */

/* Begin PBXGroup section */
		6C64F7A425C146660008B361 = {
			isa = PBXGroup;
			children = (
				6CAF088225D1165D003345BE /* README.md */,
				6C64F7AF25C146660008B361 /* LifX Switch */,
				6C64F7AE25C146660008B361 /* Products */,
			);
			sourceTree = "<group>";
		};
		6C64F7AE25C146660008B361 /* Products */ = {
			isa = PBXGroup;
			children = (
				6C64F7AD25C146660008B361 /* LifX Switch.app */,
			);
			name = Products;
			sourceTree = "<group>";
		};
		6C64F7AF25C146660008B361 /* LifX Switch */ = {
			isa = PBXGroup;
			children = (
				6C64F7B025C146660008B361 /* LifX_SwitchApp.swift */,
				6C64F7B225C146660008B361 /* ContentView.swift */,
				6C64F7B425C146680008B361 /* Assets.xcassets */,
				6C64F7B925C146680008B361 /* Info.plist */,
				6C64F7BA25C146680008B361 /* LifX_Switch.entitlements */,
				6C64F7B625C146680008B361 /* Preview Content */,
				6C708F3425C3F13500BFC237 /* EmptyView.swift */,
			);
			path = "LifX Switch";
			sourceTree = "<group>";
		};
		6C64F7B625C146680008B361 /* Preview Content */ = {
			isa = PBXGroup;
			children = (
				6C64F7B725C146680008B361 /* Preview Assets.xcassets */,
			);
			path = "Preview Content";
			sourceTree = "<group>";
		};
/* End PBXGroup section */

/* Begin PBXNativeTarget section */
		6C64F7AC25C146660008B361 /* LifX Switch */ = {
			isa = PBXNativeTarget;
			buildConfigurationList = 6C64F7D325C146690008B361 /* Build configuration list for PBXNativeTarget "LifX Switch" */;
			buildPhases = (
				6C64F7A925C146660008B361 /* Sources */,
				6C64F7AA25C146660008B361 /* Frameworks */,
				6C64F7AB25C146660008B361 /* Resources */,
			);
			buildRules = (
			);
			dependencies = (
			);
			name = "LifX Switch";
			packageProductDependencies = (
				6C64F7E025C14BB60008B361 /* Lifx */,
			);
			productName = "LifX Switch";
			productReference = 6C64F7AD25C146660008B361 /* LifX Switch.app */;
			productType = "com.apple.product-type.application";
		};
/* End PBXNativeTarget section */

/* Begin PBXProject section */
		6C64F7A525C146660008B361 /* Project object */ = {
			isa = PBXProject;
			attributes = {
				LastSwiftUpdateCheck = 1240;
				LastUpgradeCheck = 1240;
				TargetAttributes = {
					6C64F7AC25C146660008B361 = {
						CreatedOnToolsVersion = 12.4;
					};
				};
			};
			buildConfigurationList = 6C64F7A825C146660008B361 /* Build configuration list for PBXProject "LifX Switch" */;
			compatibilityVersion = "Xcode 9.3";
			developmentRegion = en;
			hasScannedForEncodings = 0;
			knownRegions = (
				en,
				Base,
			);
			mainGroup = 6C64F7A425C146660008B361;
			packageReferences = (
				6C64F7DF25C14BB60008B361 /* XCRemoteSwiftPackageReference "swift-lifx" */,
			);
			productRefGroup = 6C64F7AE25C146660008B361 /* Products */;
			projectDirPath = "";
			projectRoot = "";
			targets = (
				6C64F7AC25C146660008B361 /* LifX Switch */,
			);
		};
/* End PBXProject section */

/* Begin PBXResourcesBuildPhase section */
		6C64F7AB25C146660008B361 /* Resources */ = {
			isa = PBXResourcesBuildPhase;
			buildActionMask = 2147483647;
			files = (
				6CAF088325D1165D003345BE /* README.md in Resources */,
				6C64F7B825C146680008B361 /* Preview Assets.xcassets in Resources */,
				6C64F7B525C146680008B361 /* Assets.xcassets in Resources */,
			);
			runOnlyForDeploymentPostprocessing = 0;
		};
/* End PBXResourcesBuildPhase section */

/* Begin PBXSourcesBuildPhase section */
		6C64F7A925C146660008B361 /* Sources */ = {
			isa = PBXSourcesBuildPhase;
			buildActionMask = 2147483647;
			files = (
				6C64F7B325C146660008B361 /* ContentView.swift in Sources */,
				6C708F3525C3F13500BFC237 /* EmptyView.swift in Sources */,
				6C64F7B125C146660008B361 /* LifX_SwitchApp.swift in Sources */,
			);
			runOnlyForDeploymentPostprocessing = 0;
		};
/* End PBXSourcesBuildPhase section */

/* Begin XCBuildConfiguration section */
		6C64F7D125C146690008B361 /* Debug */ = {
			isa = XCBuildConfiguration;
			buildSettings = {
				ALWAYS_SEARCH_USER_PATHS = NO;
				CLANG_ANALYZER_NONNULL = YES;
				CLANG_ANALYZER_NUMBER_OBJECT_CONVERSION = YES_AGGRESSIVE;
				CLANG_CXX_LANGUAGE_STANDARD = "gnu++14";
				CLANG_CXX_LIBRARY = "libc++";
				CLANG_ENABLE_MODULES = YES;
				CLANG_ENABLE_OBJC_ARC = YES;
				CLANG_ENABLE_OBJC_WEAK = YES;
				CLANG_WARN_BLOCK_CAPTURE_AUTORELEASING = YES;
				CLANG_WARN_BOOL_CONVERSION = YES;
				CLANG_WARN_COMMA = YES;
				CLANG_WARN_CONSTANT_CONVERSION = YES;
				CLANG_WARN_DEPRECATED_OBJC_IMPLEMENTATIONS = YES;
				CLANG_WARN_DIRECT_OBJC_ISA_USAGE = YES_ERROR;
				CLANG_WARN_DOCUMENTATION_COMMENTS = YES;
				CLANG_WARN_EMPTY_BODY = YES;
				CLANG_WARN_ENUM_CONVERSION = YES;
				CLANG_WARN_INFINITE_RECURSION = YES;
				CLANG_WARN_INT_CONVERSION = YES;
				CLANG_WARN_NON_LITERAL_NULL_CONVERSION = YES;
				CLANG_WARN_OBJC_IMPLICIT_RETAIN_SELF = YES;
				CLANG_WARN_OBJC_LITERAL_CONVERSION = YES;
				CLANG_WARN_OBJC_ROOT_CLASS = YES_ERROR;
				CLANG_WARN_QUOTED_INCLUDE_IN_FRAMEWORK_HEADER = YES;
				CLANG_WARN_RANGE_LOOP_ANALYSIS = YES;
				CLANG_WARN_STRICT_PROTOTYPES = YES;
				CLANG_WARN_SUSPICIOUS_MOVE = YES;
				CLANG_WARN_UNGUARDED_AVAILABILITY = YES_AGGRESSIVE;
				CLANG_WARN_UNREACHABLE_CODE = YES;
				CLANG_WARN__DUPLICATE_METHOD_MATCH = YES;
				COPY_PHASE_STRIP = NO;
				DEBUG_INFORMATION_FORMAT = dwarf;
				ENABLE_HARDENED_RUNTIME = NO;
				ENABLE_STRICT_OBJC_MSGSEND = YES;
				ENABLE_TESTABILITY = YES;
				GCC_C_LANGUAGE_STANDARD = gnu11;
				GCC_DYNAMIC_NO_PIC = NO;
				GCC_NO_COMMON_BLOCKS = YES;
				GCC_OPTIMIZATION_LEVEL = 0;
				GCC_PREPROCESSOR_DEFINITIONS = (
					"DEBUG=1",
					"$(inherited)",
				);
				GCC_WARN_64_TO_32_BIT_CONVERSION = YES;
				GCC_WARN_ABOUT_RETURN_TYPE = YES_ERROR;
				GCC_WARN_UNDECLARED_SELECTOR = YES;
				GCC_WARN_UNINITIALIZED_AUTOS = YES_AGGRESSIVE;
				GCC_WARN_UNUSED_FUNCTION = YES;
				GCC_WARN_UNUSED_VARIABLE = YES;
				"INFOPLIST_FILE[sdk=*]" = "";
				MACOSX_DEPLOYMENT_TARGET = 11.1;
				MTL_ENABLE_DEBUG_INFO = INCLUDE_SOURCE;
				MTL_FAST_MATH = YES;
				ONLY_ACTIVE_ARCH = YES;
				SDKROOT = macosx;
				SWIFT_ACTIVE_COMPILATION_CONDITIONS = DEBUG;
				SWIFT_OPTIMIZATION_LEVEL = "-Onone";
			};
			name = Debug;
		};
		6C64F7D225C146690008B361 /* Release */ = {
			isa = XCBuildConfiguration;
			buildSettings = {
				ALWAYS_SEARCH_USER_PATHS = NO;
				CLANG_ANALYZER_NONNULL = YES;
				CLANG_ANALYZER_NUMBER_OBJECT_CONVERSION = YES_AGGRESSIVE;
				CLANG_CXX_LANGUAGE_STANDARD = "gnu++14";
				CLANG_CXX_LIBRARY = "libc++";
				CLANG_ENABLE_MODULES = YES;
				CLANG_ENABLE_OBJC_ARC = YES;
				CLANG_ENABLE_OBJC_WEAK = YES;
				CLANG_WARN_BLOCK_CAPTURE_AUTORELEASING = YES;
				CLANG_WARN_BOOL_CONVERSION = YES;
				CLANG_WARN_COMMA = YES;
				CLANG_WARN_CONSTANT_CONVERSION = YES;
				CLANG_WARN_DEPRECATED_OBJC_IMPLEMENTATIONS = YES;
				CLANG_WARN_DIRECT_OBJC_ISA_USAGE = YES_ERROR;
				CLANG_WARN_DOCUMENTATION_COMMENTS = YES;
				CLANG_WARN_EMPTY_BODY = YES;
				CLANG_WARN_ENUM_CONVERSION = YES;
				CLANG_WARN_INFINITE_RECURSION = YES;
				CLANG_WARN_INT_CONVERSION = YES;
				CLANG_WARN_NON_LITERAL_NULL_CONVERSION = YES;
				CLANG_WARN_OBJC_IMPLICIT_RETAIN_SELF = YES;
				CLANG_WARN_OBJC_LITERAL_CONVERSION = YES;
				CLANG_WARN_OBJC_ROOT_CLASS = YES_ERROR;
				CLANG_WARN_QUOTED_INCLUDE_IN_FRAMEWORK_HEADER = YES;
				CLANG_WARN_RANGE_LOOP_ANALYSIS = YES;
				CLANG_WARN_STRICT_PROTOTYPES = YES;
				CLANG_WARN_SUSPICIOUS_MOVE = YES;
				CLANG_WARN_UNGUARDED_AVAILABILITY = YES_AGGRESSIVE;
				CLANG_WARN_UNREACHABLE_CODE = YES;
				CLANG_WARN__DUPLICATE_METHOD_MATCH = YES;
				COPY_PHASE_STRIP = NO;
				DEBUG_INFORMATION_FORMAT = "dwarf-with-dsym";
				ENABLE_HARDENED_RUNTIME = NO;
				ENABLE_NS_ASSERTIONS = NO;
				ENABLE_STRICT_OBJC_MSGSEND = YES;
				GCC_C_LANGUAGE_STANDARD = gnu11;
				GCC_NO_COMMON_BLOCKS = YES;
				GCC_WARN_64_TO_32_BIT_CONVERSION = YES;
				GCC_WARN_ABOUT_RETURN_TYPE = YES_ERROR;
				GCC_WARN_UNDECLARED_SELECTOR = YES;
				GCC_WARN_UNINITIALIZED_AUTOS = YES_AGGRESSIVE;
				GCC_WARN_UNUSED_FUNCTION = YES;
				GCC_WARN_UNUSED_VARIABLE = YES;
				MACOSX_DEPLOYMENT_TARGET = 11.1;
				MTL_ENABLE_DEBUG_INFO = NO;
				MTL_FAST_MATH = YES;
				SDKROOT = macosx;
				SWIFT_COMPILATION_MODE = wholemodule;
				SWIFT_OPTIMIZATION_LEVEL = "-O";
			};
			name = Release;
		};
		6C64F7D425C146690008B361 /* Debug */ = {
			isa = XCBuildConfiguration;
			buildSettings = {
				ASSETCATALOG_COMPILER_APPICON_NAME = AppIcon;
				ASSETCATALOG_COMPILER_GLOBAL_ACCENT_COLOR_NAME = AccentColor;
				CODE_SIGN_ENTITLEMENTS = "LifX Switch/LifX_Switch.entitlements";
				CODE_SIGN_IDENTITY = "-";
				CODE_SIGN_STYLE = Automatic;
				COMBINE_HIDPI_IMAGES = YES;
				DEVELOPMENT_ASSET_PATHS = "\"LifX Switch/Preview Content\"";
				DEVELOPMENT_TEAM = "";
				ENABLE_HARDENED_RUNTIME = NO;
				ENABLE_PREVIEWS = YES;
				INFOPLIST_FILE = "LifX Switch/Info.plist";
				LD_RUNPATH_SEARCH_PATHS = (
					"$(inherited)",
					"@executable_path/../Frameworks",
				);
				MACOSX_DEPLOYMENT_TARGET = 11.0;
				MARKETING_VERSION = 3.1;
				PRODUCT_BUNDLE_IDENTIFIER = "njador.LifX-Switch";
				PRODUCT_NAME = "$(TARGET_NAME)";
				SWIFT_VERSION = 5.0;
			};
			name = Debug;
		};
		6C64F7D525C146690008B361 /* Release */ = {
			isa = XCBuildConfiguration;
			buildSettings = {
				ASSETCATALOG_COMPILER_APPICON_NAME = AppIcon;
				ASSETCATALOG_COMPILER_GLOBAL_ACCENT_COLOR_NAME = AccentColor;
				CODE_SIGN_ENTITLEMENTS = "LifX Switch/LifX_Switch.entitlements";
				CODE_SIGN_IDENTITY = "-";
				CODE_SIGN_STYLE = Automatic;
				COMBINE_HIDPI_IMAGES = YES;
				DEVELOPMENT_ASSET_PATHS = "\"LifX Switch/Preview Content\"";
				DEVELOPMENT_TEAM = "";
				ENABLE_HARDENED_RUNTIME = NO;
				ENABLE_PREVIEWS = YES;
				INFOPLIST_FILE = "LifX Switch/Info.plist";
				LD_RUNPATH_SEARCH_PATHS = (
					"$(inherited)",
					"@executable_path/../Frameworks",
				);
				MACOSX_DEPLOYMENT_TARGET = 11.0;
				MARKETING_VERSION = 3.1;
				PRODUCT_BUNDLE_IDENTIFIER = "njador.LifX-Switch";
				PRODUCT_NAME = "$(TARGET_NAME)";
				SWIFT_VERSION = 5.0;
			};
			name = Release;
		};
/* End XCBuildConfiguration section */

/* Begin XCConfigurationList section */
		6C64F7A825C146660008B361 /* Build configuration list for PBXProject "LifX Switch" */ = {
			isa = XCConfigurationList;
			buildConfigurations = (
				6C64F7D125C146690008B361 /* Debug */,
				6C64F7D225C146690008B361 /* Release */,
			);
			defaultConfigurationIsVisible = 0;
			defaultConfigurationName = Release;
		};
		6C64F7D325C146690008B361 /* Build configuration list for PBXNativeTarget "LifX Switch" */ = {
			isa = XCConfigurationList;
			buildConfigurations = (
				6C64F7D425C146690008B361 /* Debug */,
				6C64F7D525C146690008B361 /* Release */,
			);
			defaultConfigurationIsVisible = 0;
			defaultConfigurationName = Release;
		};
/* End XCConfigurationList section */

/* Begin XCRemoteSwiftPackageReference section */
		6C64F7DF25C14BB60008B361 /* XCRemoteSwiftPackageReference "swift-lifx" */ = {
			isa = XCRemoteSwiftPackageReference;
			repositoryURL = "https://github.com/glennschmidt/swift-lifx.git";
			requirement = {
				kind = upToNextMajorVersion;
				minimumVersion = 0.1.0;
			};
		};
/* End XCRemoteSwiftPackageReference section */

/* Begin XCSwiftPackageProductDependency section */
		6C64F7E025C14BB60008B361 /* Lifx */ = {
			isa = XCSwiftPackageProductDependency;
			package = 6C64F7DF25C14BB60008B361 /* XCRemoteSwiftPackageReference "swift-lifx" */;
			productName = Lifx;
		};
/* End XCSwiftPackageProductDependency section */
	};
	rootObject = 6C64F7A525C146660008B361 /* Project object */;
}
